// !$*UTF8*$!
{
	archiveVersion = 1;
	classes = {
	};
	objectVersion = 51;
	objects = {

/* Begin PBXBuildFile section */
		83029ED1248ECFA300BE5681 /* ShowSuccessInfo.swift in Sources */ = {isa = PBXBuildFile; fileRef = 83029ED0248ECFA300BE5681 /* ShowSuccessInfo.swift */; };
		8313ECF72486B8320013A0E3 /* AppDelegate.swift in Sources */ = {isa = PBXBuildFile; fileRef = 8313ECF62486B8320013A0E3 /* AppDelegate.swift */; };
		8313ECF92486B8320013A0E3 /* SceneDelegate.swift in Sources */ = {isa = PBXBuildFile; fileRef = 8313ECF82486B8320013A0E3 /* SceneDelegate.swift */; };
		8313ECFB2486B8320013A0E3 /* TodosViewController.swift in Sources */ = {isa = PBXBuildFile; fileRef = 8313ECFA2486B8320013A0E3 /* TodosViewController.swift */; };
		8313ED002486B8330013A0E3 /* Assets.xcassets in Resources */ = {isa = PBXBuildFile; fileRef = 8313ECFF2486B8330013A0E3 /* Assets.xcassets */; };
		8313ED032486B8330013A0E3 /* LaunchScreen.storyboard in Resources */ = {isa = PBXBuildFile; fileRef = 8313ED012486B8330013A0E3 /* LaunchScreen.storyboard */; };
		8313ED0C2486B8740013A0E3 /* UIView+Ext.swift in Sources */ = {isa = PBXBuildFile; fileRef = 8313ED0B2486B8740013A0E3 /* UIView+Ext.swift */; };
		83302BC42486C1790067286A /* TaskCell.swift in Sources */ = {isa = PBXBuildFile; fileRef = 83302BC32486C1790067286A /* TaskCell.swift */; };
		836F31582488235B00D5819F /* Cells.swift in Sources */ = {isa = PBXBuildFile; fileRef = 836F31572488235B00D5819F /* Cells.swift */; };
		836F315A2488243D00D5819F /* Task.swift in Sources */ = {isa = PBXBuildFile; fileRef = 836F31592488243D00D5819F /* Task.swift */; };
		836F315C2488287800D5819F /* TaskViewController.swift in Sources */ = {isa = PBXBuildFile; fileRef = 836F315B2488287800D5819F /* TaskViewController.swift */; };
		836F3160248AE62A00D5819F /* Category.swift in Sources */ = {isa = PBXBuildFile; fileRef = 836F315F248AE62A00D5819F /* Category.swift */; };
		836F3162248BA2CE00D5819F /* Date+Ext.swift in Sources */ = {isa = PBXBuildFile; fileRef = 836F3161248BA2CE00D5819F /* Date+Ext.swift */; };
		836F3164248BA53E00D5819F /* String+Ext.swift in Sources */ = {isa = PBXBuildFile; fileRef = 836F3163248BA53E00D5819F /* String+Ext.swift */; };
		AF8A47604CFC77E35AFA0D94 /* Pods_TodoAPP.framework in Frameworks */ = {isa = PBXBuildFile; fileRef = 11B2706968E7458519932E9B /* Pods_TodoAPP.framework */; };
/* End PBXBuildFile section */

/* Begin PBXFileReference section */
		0EFE7BDB526C2F1CBBC74983 /* Pods-TodoAPP.debug.xcconfig */ = {isa = PBXFileReference; includeInIndex = 1; lastKnownFileType = text.xcconfig; name = "Pods-TodoAPP.debug.xcconfig"; path = "Target Support Files/Pods-TodoAPP/Pods-TodoAPP.debug.xcconfig"; sourceTree = "<group>"; };
		11B2706968E7458519932E9B /* Pods_TodoAPP.framework */ = {isa = PBXFileReference; explicitFileType = wrapper.framework; includeInIndex = 0; path = Pods_TodoAPP.framework; sourceTree = BUILT_PRODUCTS_DIR; };
		7E21555A8D397FB581992272 /* Pods-TodoAPP.release.xcconfig */ = {isa = PBXFileReference; includeInIndex = 1; lastKnownFileType = text.xcconfig; name = "Pods-TodoAPP.release.xcconfig"; path = "Target Support Files/Pods-TodoAPP/Pods-TodoAPP.release.xcconfig"; sourceTree = "<group>"; };
		83029ED0248ECFA300BE5681 /* ShowSuccessInfo.swift */ = {isa = PBXFileReference; lastKnownFileType = sourcecode.swift; path = ShowSuccessInfo.swift; sourceTree = "<group>"; };
		8313ECF32486B8320013A0E3 /* TodoAPP.app */ = {isa = PBXFileReference; explicitFileType = wrapper.application; includeInIndex = 0; path = TodoAPP.app; sourceTree = BUILT_PRODUCTS_DIR; };
		8313ECF62486B8320013A0E3 /* AppDelegate.swift */ = {isa = PBXFileReference; lastKnownFileType = sourcecode.swift; path = AppDelegate.swift; sourceTree = "<group>"; };
		8313ECF82486B8320013A0E3 /* SceneDelegate.swift */ = {isa = PBXFileReference; lastKnownFileType = sourcecode.swift; path = SceneDelegate.swift; sourceTree = "<group>"; };
		8313ECFA2486B8320013A0E3 /* TodosViewController.swift */ = {isa = PBXFileReference; lastKnownFileType = sourcecode.swift; path = TodosViewController.swift; sourceTree = "<group>"; };
		8313ECFF2486B8330013A0E3 /* Assets.xcassets */ = {isa = PBXFileReference; lastKnownFileType = folder.assetcatalog; path = Assets.xcassets; sourceTree = "<group>"; };
		8313ED022486B8330013A0E3 /* Base */ = {isa = PBXFileReference; lastKnownFileType = file.storyboard; name = Base; path = Base.lproj/LaunchScreen.storyboard; sourceTree = "<group>"; };
		8313ED042486B8330013A0E3 /* Info.plist */ = {isa = PBXFileReference; lastKnownFileType = text.plist.xml; path = Info.plist; sourceTree = "<group>"; };
		8313ED0B2486B8740013A0E3 /* UIView+Ext.swift */ = {isa = PBXFileReference; lastKnownFileType = sourcecode.swift; path = "UIView+Ext.swift"; sourceTree = "<group>"; };
		83302BC32486C1790067286A /* TaskCell.swift */ = {isa = PBXFileReference; lastKnownFileType = sourcecode.swift; path = TaskCell.swift; sourceTree = "<group>"; };
		836F31572488235B00D5819F /* Cells.swift */ = {isa = PBXFileReference; lastKnownFileType = sourcecode.swift; path = Cells.swift; sourceTree = "<group>"; };
		836F31592488243D00D5819F /* Task.swift */ = {isa = PBXFileReference; lastKnownFileType = sourcecode.swift; path = Task.swift; sourceTree = "<group>"; };
		836F315B2488287800D5819F /* TaskViewController.swift */ = {isa = PBXFileReference; lastKnownFileType = sourcecode.swift; path = TaskViewController.swift; sourceTree = "<group>"; };
		836F315F248AE62A00D5819F /* Category.swift */ = {isa = PBXFileReference; lastKnownFileType = sourcecode.swift; path = Category.swift; sourceTree = "<group>"; };
		836F3161248BA2CE00D5819F /* Date+Ext.swift */ = {isa = PBXFileReference; lastKnownFileType = sourcecode.swift; path = "Date+Ext.swift"; sourceTree = "<group>"; };
		836F3163248BA53E00D5819F /* String+Ext.swift */ = {isa = PBXFileReference; lastKnownFileType = sourcecode.swift; path = "String+Ext.swift"; sourceTree = "<group>"; };
/* End PBXFileReference section */

/* Begin PBXFrameworksBuildPhase section */
		8313ECF02486B8320013A0E3 /* Frameworks */ = {
			isa = PBXFrameworksBuildPhase;
			buildActionMask = 2147483647;
			files = (
				AF8A47604CFC77E35AFA0D94 /* Pods_TodoAPP.framework in Frameworks */,
			);
			runOnlyForDeploymentPostprocessing = 0;
		};
/* End PBXFrameworksBuildPhase section */

/* Begin PBXGroup section */
		5D1374D4A2AA3B16BCCE57C7 /* Pods */ = {
			isa = PBXGroup;
			children = (
				0EFE7BDB526C2F1CBBC74983 /* Pods-TodoAPP.debug.xcconfig */,
				7E21555A8D397FB581992272 /* Pods-TodoAPP.release.xcconfig */,
			);
			path = Pods;
			sourceTree = "<group>";
		};
		83029ECD248D184C00BE5681 /* Protocols */ = {
			isa = PBXGroup;
			children = (
				83029ED0248ECFA300BE5681 /* ShowSuccessInfo.swift */,
			);
			path = Protocols;
			sourceTree = "<group>";
		};
		8313ECEA2486B8320013A0E3 = {
			isa = PBXGroup;
			children = (
				8313ECF52486B8320013A0E3 /* TodoAPP */,
				8313ECF42486B8320013A0E3 /* Products */,
				5D1374D4A2AA3B16BCCE57C7 /* Pods */,
				CB7235F2F65841CC077DD72B /* Frameworks */,
			);
			sourceTree = "<group>";
		};
		8313ECF42486B8320013A0E3 /* Products */ = {
			isa = PBXGroup;
			children = (
				8313ECF32486B8320013A0E3 /* TodoAPP.app */,
			);
			name = Products;
			sourceTree = "<group>";
		};
		8313ECF52486B8320013A0E3 /* TodoAPP */ = {
			isa = PBXGroup;
			children = (
				8313ED042486B8330013A0E3 /* Info.plist */,
				83029ECD248D184C00BE5681 /* Protocols */,
				8313ED0A2486B8470013A0E3 /* Utils */,
				8313ED0D2486B9840013A0E3 /* Models */,
				8313ED0E2486B9960013A0E3 /* Views */,
				8313ED0F2486B9A00013A0E3 /* Controllers */,
				83302BC22486BBB10067286A /* Supporting */,
			);
			path = TodoAPP;
			sourceTree = "<group>";
		};
		8313ED0A2486B8470013A0E3 /* Utils */ = {
			isa = PBXGroup;
			children = (
				836F3161248BA2CE00D5819F /* Date+Ext.swift */,
				836F3163248BA53E00D5819F /* String+Ext.swift */,
				8313ED0B2486B8740013A0E3 /* UIView+Ext.swift */,
			);
			path = Utils;
			sourceTree = "<group>";
		};
		8313ED0D2486B9840013A0E3 /* Models */ = {
			isa = PBXGroup;
			children = (
				836F31572488235B00D5819F /* Cells.swift */,
				836F31592488243D00D5819F /* Task.swift */,
				836F315F248AE62A00D5819F /* Category.swift */,
			);
			path = Models;
			sourceTree = "<group>";
		};
		8313ED0E2486B9960013A0E3 /* Views */ = {
			isa = PBXGroup;
			children = (
				83302BC32486C1790067286A /* TaskCell.swift */,
			);
			path = Views;
			sourceTree = "<group>";
		};
		8313ED0F2486B9A00013A0E3 /* Controllers */ = {
			isa = PBXGroup;
			children = (
				8313ECFA2486B8320013A0E3 /* TodosViewController.swift */,
				836F315B2488287800D5819F /* TaskViewController.swift */,
			);
			path = Controllers;
			sourceTree = "<group>";
		};
		83302BC22486BBB10067286A /* Supporting */ = {
			isa = PBXGroup;
			children = (
				8313ECF62486B8320013A0E3 /* AppDelegate.swift */,
				8313ECF82486B8320013A0E3 /* SceneDelegate.swift */,
				8313ECFF2486B8330013A0E3 /* Assets.xcassets */,
				8313ED012486B8330013A0E3 /* LaunchScreen.storyboard */,
			);
			path = Supporting;
			sourceTree = "<group>";
		};
		CB7235F2F65841CC077DD72B /* Frameworks */ = {
			isa = PBXGroup;
			children = (
				11B2706968E7458519932E9B /* Pods_TodoAPP.framework */,
			);
			name = Frameworks;
			sourceTree = "<group>";
		};
/* End PBXGroup section */

/* Begin PBXNativeTarget section */
		8313ECF22486B8320013A0E3 /* TodoAPP */ = {
			isa = PBXNativeTarget;
			buildConfigurationList = 8313ED072486B8340013A0E3 /* Build configuration list for PBXNativeTarget "TodoAPP" */;
			buildPhases = (
				BD7730A7326BA3623BD26910 /* [CP] Check Pods Manifest.lock */,
				8313ECEF2486B8320013A0E3 /* Sources */,
				8313ECF02486B8320013A0E3 /* Frameworks */,
				8313ECF12486B8320013A0E3 /* Resources */,
				4E64352480B49AE1A1C50BEB /* [CP] Embed Pods Frameworks */,
			);
			buildRules = (
			);
			dependencies = (
			);
			name = TodoAPP;
			productName = TodoAPP;
			productReference = 8313ECF32486B8320013A0E3 /* TodoAPP.app */;
			productType = "com.apple.product-type.application";
		};
/* End PBXNativeTarget section */

/* Begin PBXProject section */
		8313ECEB2486B8320013A0E3 /* Project object */ = {
			isa = PBXProject;
			attributes = {
				LastSwiftUpdateCheck = 1120;
				LastUpgradeCheck = 1120;
				ORGANIZATIONNAME = "Martin Nasierowski";
				TargetAttributes = {
					8313ECF22486B8320013A0E3 = {
						CreatedOnToolsVersion = 11.2;
					};
				};
			};
			buildConfigurationList = 8313ECEE2486B8320013A0E3 /* Build configuration list for PBXProject "TodoAPP" */;
			compatibilityVersion = "Xcode 9.3";
			developmentRegion = en;
			hasScannedForEncodings = 0;
			knownRegions = (
				en,
				Base,
			);
			mainGroup = 8313ECEA2486B8320013A0E3;
			productRefGroup = 8313ECF42486B8320013A0E3 /* Products */;
			projectDirPath = "";
			projectRoot = "";
			targets = (
				8313ECF22486B8320013A0E3 /* TodoAPP */,
			);
		};
/* End PBXProject section */

/* Begin PBXResourcesBuildPhase section */
		8313ECF12486B8320013A0E3 /* Resources */ = {
			isa = PBXResourcesBuildPhase;
			buildActionMask = 2147483647;
			files = (
				8313ED032486B8330013A0E3 /* LaunchScreen.storyboard in Resources */,
				8313ED002486B8330013A0E3 /* Assets.xcassets in Resources */,
			);
			runOnlyForDeploymentPostprocessing = 0;
		};
/* End PBXResourcesBuildPhase section */

/* Begin PBXShellScriptBuildPhase section */
		4E64352480B49AE1A1C50BEB /* [CP] Embed Pods Frameworks */ = {
			isa = PBXShellScriptBuildPhase;
			buildActionMask = 2147483647;
			files = (
			);
			inputFileListPaths = (
				"${PODS_ROOT}/Target Support Files/Pods-TodoAPP/Pods-TodoAPP-frameworks-${CONFIGURATION}-input-files.xcfilelist",
			);
			name = "[CP] Embed Pods Frameworks";
			outputFileListPaths = (
				"${PODS_ROOT}/Target Support Files/Pods-TodoAPP/Pods-TodoAPP-frameworks-${CONFIGURATION}-output-files.xcfilelist",
			);
			runOnlyForDeploymentPostprocessing = 0;
			shellPath = /bin/sh;
			shellScript = "\"${PODS_ROOT}/Target Support Files/Pods-TodoAPP/Pods-TodoAPP-frameworks.sh\"\n";
			showEnvVarsInLog = 0;
		};
		BD7730A7326BA3623BD26910 /* [CP] Check Pods Manifest.lock */ = {
			isa = PBXShellScriptBuildPhase;
			buildActionMask = 2147483647;
			files = (
			);
			inputFileListPaths = (
			);
			inputPaths = (
				"${PODS_PODFILE_DIR_PATH}/Podfile.lock",
				"${PODS_ROOT}/Manifest.lock",
			);
			name = "[CP] Check Pods Manifest.lock";
			outputFileListPaths = (
			);
			outputPaths = (
				"$(DERIVED_FILE_DIR)/Pods-TodoAPP-checkManifestLockResult.txt",
			);
			runOnlyForDeploymentPostprocessing = 0;
			shellPath = /bin/sh;
			shellScript = "diff \"${PODS_PODFILE_DIR_PATH}/Podfile.lock\" \"${PODS_ROOT}/Manifest.lock\" > /dev/null\nif [ $? != 0 ] ; then\n    # print error to STDERR\n    echo \"error: The sandbox is not in sync with the Podfile.lock. Run 'pod install' or update your CocoaPods installation.\" >&2\n    exit 1\nfi\n# This output is used by Xcode 'outputs' to avoid re-running this script phase.\necho \"SUCCESS\" > \"${SCRIPT_OUTPUT_FILE_0}\"\n";
			showEnvVarsInLog = 0;
		};
/* End PBXShellScriptBuildPhase section */

/* Begin PBXSourcesBuildPhase section */
		8313ECEF2486B8320013A0E3 /* Sources */ = {
			isa = PBXSourcesBuildPhase;
			buildActionMask = 2147483647;
			files = (
				8313ECFB2486B8320013A0E3 /* TodosViewController.swift in Sources */,
				836F3160248AE62A00D5819F /* Category.swift in Sources */,
				836F31582488235B00D5819F /* Cells.swift in Sources */,
				8313ECF72486B8320013A0E3 /* AppDelegate.swift in Sources */,
				8313ECF92486B8320013A0E3 /* SceneDelegate.swift in Sources */,
				8313ED0C2486B8740013A0E3 /* UIView+Ext.swift in Sources */,
				836F315C2488287800D5819F /* TaskViewController.swift in Sources */,
				836F3162248BA2CE00D5819F /* Date+Ext.swift in Sources */,
				836F315A2488243D00D5819F /* Task.swift in Sources */,
				83302BC42486C1790067286A /* TaskCell.swift in Sources */,
				83029ED1248ECFA300BE5681 /* ShowSuccessInfo.swift in Sources */,
				836F3164248BA53E00D5819F /* String+Ext.swift in Sources */,
			);
			runOnlyForDeploymentPostprocessing = 0;
		};
/* End PBXSourcesBuildPhase section */

/* Begin PBXVariantGroup section */
		8313ED012486B8330013A0E3 /* LaunchScreen.storyboard */ = {
			isa = PBXVariantGroup;
			children = (
				8313ED022486B8330013A0E3 /* Base */,
			);
			name = LaunchScreen.storyboard;
			sourceTree = "<group>";
		};
/* End PBXVariantGroup section */

/* Begin XCBuildConfiguration section */
		8313ED052486B8330013A0E3 /* Debug */ = {
			isa = XCBuildConfiguration;
			buildSettings = {
				ALWAYS_SEARCH_USER_PATHS = NO;
				CLANG_ANALYZER_NONNULL = YES;
				CLANG_ANALYZER_NUMBER_OBJECT_CONVERSION = YES_AGGRESSIVE;
				CLANG_CXX_LANGUAGE_STANDARD = "gnu++14";
				CLANG_CXX_LIBRARY = "libc++";
				CLANG_ENABLE_MODULES = YES;
				CLANG_ENABLE_OBJC_ARC = YES;
				CLANG_ENABLE_OBJC_WEAK = YES;
				CLANG_WARN_BLOCK_CAPTURE_AUTORELEASING = YES;
				CLANG_WARN_BOOL_CONVERSION = YES;
				CLANG_WARN_COMMA = YES;
				CLANG_WARN_CONSTANT_CONVERSION = YES;
				CLANG_WARN_DEPRECATED_OBJC_IMPLEMENTATIONS = YES;
				CLANG_WARN_DIRECT_OBJC_ISA_USAGE = YES_ERROR;
				CLANG_WARN_DOCUMENTATION_COMMENTS = YES;
				CLANG_WARN_EMPTY_BODY = YES;
				CLANG_WARN_ENUM_CONVERSION = YES;
				CLANG_WARN_INFINITE_RECURSION = YES;
				CLANG_WARN_INT_CONVERSION = YES;
				CLANG_WARN_NON_LITERAL_NULL_CONVERSION = YES;
				CLANG_WARN_OBJC_IMPLICIT_RETAIN_SELF = YES;
				CLANG_WARN_OBJC_LITERAL_CONVERSION = YES;
				CLANG_WARN_OBJC_ROOT_CLASS = YES_ERROR;
				CLANG_WARN_RANGE_LOOP_ANALYSIS = YES;
				CLANG_WARN_STRICT_PROTOTYPES = YES;
				CLANG_WARN_SUSPICIOUS_MOVE = YES;
				CLANG_WARN_UNGUARDED_AVAILABILITY = YES_AGGRESSIVE;
				CLANG_WARN_UNREACHABLE_CODE = YES;
				CLANG_WARN__DUPLICATE_METHOD_MATCH = YES;
				COPY_PHASE_STRIP = NO;
				DEBUG_INFORMATION_FORMAT = dwarf;
				ENABLE_STRICT_OBJC_MSGSEND = YES;
				ENABLE_TESTABILITY = YES;
				GCC_C_LANGUAGE_STANDARD = gnu11;
				GCC_DYNAMIC_NO_PIC = NO;
				GCC_NO_COMMON_BLOCKS = YES;
				GCC_OPTIMIZATION_LEVEL = 0;
				GCC_PREPROCESSOR_DEFINITIONS = (
					"DEBUG=1",
					"$(inherited)",
				);
				GCC_WARN_64_TO_32_BIT_CONVERSION = YES;
				GCC_WARN_ABOUT_RETURN_TYPE = YES_ERROR;
				GCC_WARN_UNDECLARED_SELECTOR = YES;
				GCC_WARN_UNINITIALIZED_AUTOS = YES_AGGRESSIVE;
				GCC_WARN_UNUSED_FUNCTION = YES;
				GCC_WARN_UNUSED_VARIABLE = YES;
				IPHONEOS_DEPLOYMENT_TARGET = 13.2;
				MTL_ENABLE_DEBUG_INFO = INCLUDE_SOURCE;
				MTL_FAST_MATH = YES;
				ONLY_ACTIVE_ARCH = YES;
				SDKROOT = iphoneos;
				SWIFT_ACTIVE_COMPILATION_CONDITIONS = DEBUG;
				SWIFT_OPTIMIZATION_LEVEL = "-Onone";
			};
			name = Debug;
		};
		8313ED062486B8340013A0E3 /* Release */ = {
			isa = XCBuildConfiguration;
			buildSettings = {
				ALWAYS_SEARCH_USER_PATHS = NO;
				CLANG_ANALYZER_NONNULL = YES;
				CLANG_ANALYZER_NUMBER_OBJECT_CONVERSION = YES_AGGRESSIVE;
				CLANG_CXX_LANGUAGE_STANDARD = "gnu++14";
				CLANG_CXX_LIBRARY = "libc++";
				CLANG_ENABLE_MODULES = YES;
				CLANG_ENABLE_OBJC_ARC = YES;
				CLANG_ENABLE_OBJC_WEAK = YES;
				CLANG_WARN_BLOCK_CAPTURE_AUTORELEASING = YES;
				CLANG_WARN_BOOL_CONVERSION = YES;
				CLANG_WARN_COMMA = YES;
				CLANG_WARN_CONSTANT_CONVERSION = YES;
				CLANG_WARN_DEPRECATED_OBJC_IMPLEMENTATIONS = YES;
				CLANG_WARN_DIRECT_OBJC_ISA_USAGE = YES_ERROR;
				CLANG_WARN_DOCUMENTATION_COMMENTS = YES;
				CLANG_WARN_EMPTY_BODY = YES;
				CLANG_WARN_ENUM_CONVERSION = YES;
				CLANG_WARN_INFINITE_RECURSION = YES;
				CLANG_WARN_INT_CONVERSION = YES;
				CLANG_WARN_NON_LITERAL_NULL_CONVERSION = YES;
				CLANG_WARN_OBJC_IMPLICIT_RETAIN_SELF = YES;
				CLANG_WARN_OBJC_LITERAL_CONVERSION = YES;
				CLANG_WARN_OBJC_ROOT_CLASS = YES_ERROR;
				CLANG_WARN_RANGE_LOOP_ANALYSIS = YES;
				CLANG_WARN_STRICT_PROTOTYPES = YES;
				CLANG_WARN_SUSPICIOUS_MOVE = YES;
				CLANG_WARN_UNGUARDED_AVAILABILITY = YES_AGGRESSIVE;
				CLANG_WARN_UNREACHABLE_CODE = YES;
				CLANG_WARN__DUPLICATE_METHOD_MATCH = YES;
				COPY_PHASE_STRIP = NO;
				DEBUG_INFORMATION_FORMAT = "dwarf-with-dsym";
				ENABLE_NS_ASSERTIONS = NO;
				ENABLE_STRICT_OBJC_MSGSEND = YES;
				GCC_C_LANGUAGE_STANDARD = gnu11;
				GCC_NO_COMMON_BLOCKS = YES;
				GCC_WARN_64_TO_32_BIT_CONVERSION = YES;
				GCC_WARN_ABOUT_RETURN_TYPE = YES_ERROR;
				GCC_WARN_UNDECLARED_SELECTOR = YES;
				GCC_WARN_UNINITIALIZED_AUTOS = YES_AGGRESSIVE;
				GCC_WARN_UNUSED_FUNCTION = YES;
				GCC_WARN_UNUSED_VARIABLE = YES;
				IPHONEOS_DEPLOYMENT_TARGET = 13.2;
				MTL_ENABLE_DEBUG_INFO = NO;
				MTL_FAST_MATH = YES;
				SDKROOT = iphoneos;
				SWIFT_COMPILATION_MODE = wholemodule;
				SWIFT_OPTIMIZATION_LEVEL = "-O";
				VALIDATE_PRODUCT = YES;
			};
			name = Release;
		};
		8313ED082486B8340013A0E3 /* Debug */ = {
			isa = XCBuildConfiguration;
			baseConfigurationReference = 0EFE7BDB526C2F1CBBC74983 /* Pods-TodoAPP.debug.xcconfig */;
			buildSettings = {
				ASSETCATALOG_COMPILER_APPICON_NAME = AppIcon;
				CODE_SIGN_STYLE = Automatic;
				DEVELOPMENT_TEAM = K4UL6WL48A;
				INFOPLIST_FILE = TodoAPP/Info.plist;
				LD_RUNPATH_SEARCH_PATHS = (
					"$(inherited)",
					"@executable_path/Frameworks",
				);
				PRODUCT_BUNDLE_IDENTIFIER = pl.imarin.TodoAPP;
				PRODUCT_NAME = "$(TARGET_NAME)";
				SWIFT_VERSION = 5.0;
				TARGETED_DEVICE_FAMILY = "1,2";
			};
			name = Debug;
		};
		8313ED092486B8340013A0E3 /* Release */ = {
			isa = XCBuildConfiguration;
			baseConfigurationReference = 7E21555A8D397FB581992272 /* Pods-TodoAPP.release.xcconfig */;
			buildSettings = {
				ASSETCATALOG_COMPILER_APPICON_NAME = AppIcon;
				CODE_SIGN_STYLE = Automatic;
				DEVELOPMENT_TEAM = K4UL6WL48A;
				INFOPLIST_FILE = TodoAPP/Info.plist;
				LD_RUNPATH_SEARCH_PATHS = (
					"$(inherited)",
					"@executable_path/Frameworks",
				);
				PRODUCT_BUNDLE_IDENTIFIER = pl.imarin.TodoAPP;
				PRODUCT_NAME = "$(TARGET_NAME)";
				SWIFT_VERSION = 5.0;
				TARGETED_DEVICE_FAMILY = "1,2";
			};
			name = Release;
		};
/* End XCBuildConfiguration section */

/* Begin XCConfigurationList section */
		8313ECEE2486B8320013A0E3 /* Build configuration list for PBXProject "TodoAPP" */ = {
			isa = XCConfigurationList;
			buildConfigurations = (
				8313ED052486B8330013A0E3 /* Debug */,
				8313ED062486B8340013A0E3 /* Release */,
			);
			defaultConfigurationIsVisible = 0;
			defaultConfigurationName = Release;
		};
		8313ED072486B8340013A0E3 /* Build configuration list for PBXNativeTarget "TodoAPP" */ = {
			isa = XCConfigurationList;
			buildConfigurations = (
				8313ED082486B8340013A0E3 /* Debug */,
				8313ED092486B8340013A0E3 /* Release */,
			);
			defaultConfigurationIsVisible = 0;
			defaultConfigurationName = Release;
		};
/* End XCConfigurationList section */
	};
	rootObject = 8313ECEB2486B8320013A0E3 /* Project object */;
}
